
Microsoft Visual Studio Solution File, Format Version 12.00
# Visual Studio Version 16
VisualStudioVersion = 16.0.30128.74
MinimumVisualStudioVersion = 10.0.40219.1
Project("{FAE04EC0-301F-11D3-BF4B-00C04F79EFBC}") = "Auction.PL", "Auction.PL\Auction.PL.csproj", "{3F4F7CF6-0CBA-42EE-8B4A-379CD348903B}"
EndProject
Project("{2150E333-8FDC-42A3-9474-1A3956D46DE8}") = "PL", "PL", "{7F6B44F1-09CE-449C-95FA-16DD37ED7FCB}"
EndProject
Project("{2150E333-8FDC-42A3-9474-1A3956D46DE8}") = "DAL", "DAL", "{6D395E7D-DCF6-4953-B4B1-B1460E7301AA}"
EndProject
Project("{2150E333-8FDC-42A3-9474-1A3956D46DE8}") = "BLL", "BLL", "{89599BE6-597E-4C45-B95B-E0C8C4D69A7B}"
EndProject
Project("{2150E333-8FDC-42A3-9474-1A3956D46DE8}") = "Common", "Common", "{18C2C54E-6D91-455D-800B-851E520FDB06}"
EndProject
Project("{2150E333-8FDC-42A3-9474-1A3956D46DE8}") = "Ioc", "Ioc", "{C8B8965A-375B-457A-8741-893DE515ADEC}"
EndProject
Project("{FAE04EC0-301F-11D3-BF4B-00C04F79EFBC}") = "Auction.Entities", "Auction.Entities\Auction.Entities.csproj", "{0F7BB893-8103-45DB-9582-84D016B12321}"
EndProject
Project("{FAE04EC0-301F-11D3-BF4B-00C04F79EFBC}") = "Auction.BLL.Interfaces", "Auction.BLL.Interfaces\Auction.BLL.Interfaces.csproj", "{E7620715-2447-4625-B641-C531389DB4D8}"
EndProject
Project("{FAE04EC0-301F-11D3-BF4B-00C04F79EFBC}") = "Auction.BLL", "Auction.BLL\Auction.BLL.csproj", "{539F95E3-95B5-4E43-8BF0-F8CDD854A7E8}"
EndProject
Project("{FAE04EC0-301F-11D3-BF4B-00C04F79EFBC}") = "Auction.DAL.Interfaces", "Auction.DAL.Interfaces\Auction.DAL.Interfaces.csproj", "{E0584D08-CD5A-4729-B6FF-1CA4E990A18E}"
EndProject
Project("{FAE04EC0-301F-11D3-BF4B-00C04F79EFBC}") = "Auction.DAL", "Auction.DAL\Auction.DAL.csproj", "{13C1F02F-49D3-4832-B0A7-F2F9D1EA1A8D}"
EndProject
Project("{FAE04EC0-301F-11D3-BF4B-00C04F79EFBC}") = "Auction.Ioc", "Auction.Ioc\Auction.Ioc.csproj", "{0A8DEC3E-ABA9-404C-B988-025CE5AF9FAB}"
EndProject
Global
	GlobalSection(SolutionConfigurationPlatforms) = preSolution
		Debug|Any CPU = Debug|Any CPU
		Release|Any CPU = Release|Any CPU
	EndGlobalSection
	GlobalSection(ProjectConfigurationPlatforms) = postSolution
		{3F4F7CF6-0CBA-42EE-8B4A-379CD348903B}.Debug|Any CPU.ActiveCfg = Debug|Any CPU
		{3F4F7CF6-0CBA-42EE-8B4A-379CD348903B}.Debug|Any CPU.Build.0 = Debug|Any CPU
		{3F4F7CF6-0CBA-42EE-8B4A-379CD348903B}.Release|Any CPU.ActiveCfg = Release|Any CPU
		{3F4F7CF6-0CBA-42EE-8B4A-379CD348903B}.Release|Any CPU.Build.0 = Release|Any CPU
		{0F7BB893-8103-45DB-9582-84D016B12321}.Debug|Any CPU.ActiveCfg = Debug|Any CPU
		{0F7BB893-8103-45DB-9582-84D016B12321}.Debug|Any CPU.Build.0 = Debug|Any CPU
		{0F7BB893-8103-45DB-9582-84D016B12321}.Release|Any CPU.ActiveCfg = Release|Any CPU
		{0F7BB893-8103-45DB-9582-84D016B12321}.Release|Any CPU.Build.0 = Release|Any CPU
		{E7620715-2447-4625-B641-C531389DB4D8}.Debug|Any CPU.ActiveCfg = Debug|Any CPU
		{E7620715-2447-4625-B641-C531389DB4D8}.Debug|Any CPU.Build.0 = Debug|Any CPU
		{E7620715-2447-4625-B641-C531389DB4D8}.Release|Any CPU.ActiveCfg = Release|Any CPU
		{E7620715-2447-4625-B641-C531389DB4D8}.Release|Any CPU.Build.0 = Release|Any CPU
		{539F95E3-95B5-4E43-8BF0-F8CDD854A7E8}.Debug|Any CPU.ActiveCfg = Debug|Any CPU
		{539F95E3-95B5-4E43-8BF0-F8CDD854A7E8}.Debug|Any CPU.Build.0 = Debug|Any CPU
		{539F95E3-95B5-4E43-8BF0-F8CDD854A7E8}.Release|Any CPU.ActiveCfg = Release|Any CPU
		{539F95E3-95B5-4E43-8BF0-F8CDD854A7E8}.Release|Any CPU.Build.0 = Release|Any CPU
		{E0584D08-CD5A-4729-B6FF-1CA4E990A18E}.Debug|Any CPU.ActiveCfg = Debug|Any CPU
		{E0584D08-CD5A-4729-B6FF-1CA4E990A18E}.Debug|Any CPU.Build.0 = Debug|Any CPU
		{E0584D08-CD5A-4729-B6FF-1CA4E990A18E}.Release|Any CPU.ActiveCfg = Release|Any CPU
		{E0584D08-CD5A-4729-B6FF-1CA4E990A18E}.Release|Any CPU.Build.0 = Release|Any CPU
		{13C1F02F-49D3-4832-B0A7-F2F9D1EA1A8D}.Debug|Any CPU.ActiveCfg = Debug|Any CPU
		{13C1F02F-49D3-4832-B0A7-F2F9D1EA1A8D}.Debug|Any CPU.Build.0 = Debug|Any CPU
		{13C1F02F-49D3-4832-B0A7-F2F9D1EA1A8D}.Release|Any CPU.ActiveCfg = Release|Any CPU
		{13C1F02F-49D3-4832-B0A7-F2F9D1EA1A8D}.Release|Any CPU.Build.0 = Release|Any CPU
		{0A8DEC3E-ABA9-404C-B988-025CE5AF9FAB}.Debug|Any CPU.ActiveCfg = Debug|Any CPU
		{0A8DEC3E-ABA9-404C-B988-025CE5AF9FAB}.Debug|Any CPU.Build.0 = Debug|Any CPU
		{0A8DEC3E-ABA9-404C-B988-025CE5AF9FAB}.Release|Any CPU.ActiveCfg = Release|Any CPU
		{0A8DEC3E-ABA9-404C-B988-025CE5AF9FAB}.Release|Any CPU.Build.0 = Release|Any CPU
	EndGlobalSection
	GlobalSection(SolutionProperties) = preSolution
		HideSolutionNode = FALSE
	EndGlobalSection
	GlobalSection(NestedProjects) = preSolution
		{3F4F7CF6-0CBA-42EE-8B4A-379CD348903B} = {7F6B44F1-09CE-449C-95FA-16DD37ED7FCB}
		{0F7BB893-8103-45DB-9582-84D016B12321} = {18C2C54E-6D91-455D-800B-851E520FDB06}
		{E7620715-2447-4625-B641-C531389DB4D8} = {89599BE6-597E-4C45-B95B-E0C8C4D69A7B}
		{539F95E3-95B5-4E43-8BF0-F8CDD854A7E8} = {89599BE6-597E-4C45-B95B-E0C8C4D69A7B}
		{E0584D08-CD5A-4729-B6FF-1CA4E990A18E} = {6D395E7D-DCF6-4953-B4B1-B1460E7301AA}
		{13C1F02F-49D3-4832-B0A7-F2F9D1EA1A8D} = {6D395E7D-DCF6-4953-B4B1-B1460E7301AA}
		{0A8DEC3E-ABA9-404C-B988-025CE5AF9FAB} = {C8B8965A-375B-457A-8741-893DE515ADEC}
	EndGlobalSection
	GlobalSection(ExtensibilityGlobals) = postSolution
		SolutionGuid = {043F5C21-D0A5-4173-A5FA-96C52D0D6CFC}
	EndGlobalSection
EndGlobal
